hash: 9da1dbb6788300077fb49da2dbdad22134c818f72dfab0292ca3311d3a0520f6
updated: 2016-04-21T07:22:34.68862212+09:00
imports:
- name: github.com/go-swagger/go-swagger
  version: cd5421ee58790d2767cb54372ae82626e7fa1799
  subpackages:
  - errors
  - httpkit
  - httpkit/middleware
  - httpkit/validate
  - spec
  - strfmt
  - swag
- name: github.com/jessevdk/go-flags
  version: 6b9493b3cb60367edd942144879646604089e3f7
- name: github.com/tylerb/graceful
  version: 9a3d4236b03bb5d26f7951134d248f9d5510d599
devImports: []
